
Microsoft Visual Studio Solution File, Format Version 12.00
# Visual Studio Version 17
VisualStudioVersion = 17.11.35327.3
MinimumVisualStudioVersion = 10.0.40219.1
Project("{FAE04EC0-301F-11D3-BF4B-00C04F79EFBC}") = "ALBRIGHT_ASSIGNMENT_5_3", "ALBRIGHT_ASSIGNMENT_5_3.csproj", "{8800BFC1-17E7-45BB-BA33-3DCB6FE1F0CC}"
EndProject
Global
	GlobalSection(SolutionConfigurationPlatforms) = preSolution
		Debug|Any CPU = Debug|Any CPU
		Release|Any CPU = Release|Any CPU
	EndGlobalSection
	GlobalSection(ProjectConfigurationPlatforms) = postSolution
		{8800BFC1-17E7-45BB-BA33-3DCB6FE1F0CC}.Debug|Any CPU.ActiveCfg = Debug|Any CPU
		{8800BFC1-17E7-45BB-BA33-3DCB6FE1F0CC}.Debug|Any CPU.Build.0 = Debug|Any CPU
		{8800BFC1-17E7-45BB-BA33-3DCB6FE1F0CC}.Release|Any CPU.ActiveCfg = Release|Any CPU
		{8800BFC1-17E7-45BB-BA33-3DCB6FE1F0CC}.Release|Any CPU.Build.0 = Release|Any CPU
	EndGlobalSection
	GlobalSection(SolutionProperties) = preSolution
		HideSolutionNode = FALSE
	EndGlobalSection
	GlobalSection(ExtensibilityGlobals) = postSolution
		SolutionGuid = {BDD1046C-3873-4DD0-BAF5-223A0EA25EA6}
	EndGlobalSection
EndGlobal
